// !$*UTF8*$!
{
	archiveVersion = 1;
	classes = {
	};
	objectVersion = 56;
	objects = {

/* Begin PBXBuildFile section */
		EB8C35342A5A2FA500954FD9 /* AppDelegate.m in Sources */ = {isa = PBXBuildFile; fileRef = EB8C35332A5A2FA500954FD9 /* AppDelegate.m */; };
		EB8C35362A5A2FA600954FD9 /* Assets.xcassets in Resources */ = {isa = PBXBuildFile; fileRef = EB8C35352A5A2FA600954FD9 /* Assets.xcassets */; };
		EB8C35392A5A2FA600954FD9 /* MainMenu.xib in Resources */ = {isa = PBXBuildFile; fileRef = EB8C35372A5A2FA600954FD9 /* MainMenu.xib */; };
		EB8C353B2A5A2FA600954FD9 /* main.m in Sources */ = {isa = PBXBuildFile; fileRef = EB8C353A2A5A2FA600954FD9 /* main.m */; };
		EB8C35442A5A2FE800954FD9 /* AppController.mm in Sources */ = {isa = PBXBuildFile; fileRef = EB8C35432A5A2FE800954FD9 /* AppController.mm */; };
		EB8C35472A5C316100954FD9 /* AudioToolbox.framework in Frameworks */ = {isa = PBXBuildFile; fileRef = EB8C35462A5C316000954FD9 /* AudioToolbox.framework */; };
		EB8C35492A5C31C100954FD9 /* CoreMedia.framework in Frameworks */ = {isa = PBXBuildFile; fileRef = EB8C35482A5C31C000954FD9 /* CoreMedia.framework */; };
		EB8C354B2A5C31EA00954FD9 /* VideoToolbox.framework in Frameworks */ = {isa = PBXBuildFile; fileRef = EB8C354A2A5C31E900954FD9 /* VideoToolbox.framework */; };
		EB8C354D2A5CD4FD00954FD9 /* libfftw3f.a in Frameworks */ = {isa = PBXBuildFile; fileRef = EB8C354C2A5CD4EC00954FD9 /* libfftw3f.a */; };
		EB8C354F2A5CD5BE00954FD9 /* libessentia.a in Frameworks */ = {isa = PBXBuildFile; fileRef = EB8C354E2A5CD5B400954FD9 /* libessentia.a */; };
/* End PBXBuildFile section */

/* Begin PBXFileReference section */
		EB8C352F2A5A2FA500954FD9 /* TryEssentia.app */ = {isa = PBXFileReference; explicitFileType = wrapper.application; includeInIndex = 0; path = TryEssentia.app; sourceTree = BUILT_PRODUCTS_DIR; };
		EB8C35322A5A2FA500954FD9 /* AppDelegate.h */ = {isa = PBXFileReference; lastKnownFileType = sourcecode.c.h; path = AppDelegate.h; sourceTree = "<group>"; };
		EB8C35332A5A2FA500954FD9 /* AppDelegate.m */ = {isa = PBXFileReference; lastKnownFileType = sourcecode.c.objc; path = AppDelegate.m; sourceTree = "<group>"; };
		EB8C35352A5A2FA600954FD9 /* Assets.xcassets */ = {isa = PBXFileReference; lastKnownFileType = folder.assetcatalog; path = Assets.xcassets; sourceTree = "<group>"; };
		EB8C35382A5A2FA600954FD9 /* Base */ = {isa = PBXFileReference; lastKnownFileType = file.xib; name = Base; path = Base.lproj/MainMenu.xib; sourceTree = "<group>"; };
		EB8C353A2A5A2FA600954FD9 /* main.m */ = {isa = PBXFileReference; lastKnownFileType = sourcecode.c.objc; path = main.m; sourceTree = "<group>"; };
		EB8C353C2A5A2FA600954FD9 /* TryEssentia.entitlements */ = {isa = PBXFileReference; lastKnownFileType = text.plist.entitlements; path = TryEssentia.entitlements; sourceTree = "<group>"; };
		EB8C35422A5A2FE800954FD9 /* AppController.h */ = {isa = PBXFileReference; lastKnownFileType = sourcecode.c.h; path = AppController.h; sourceTree = "<group>"; };
		EB8C35432A5A2FE800954FD9 /* AppController.mm */ = {isa = PBXFileReference; lastKnownFileType = sourcecode.cpp.objcpp; path = AppController.mm; sourceTree = "<group>"; };
		EB8C35462A5C316000954FD9 /* AudioToolbox.framework */ = {isa = PBXFileReference; lastKnownFileType = wrapper.framework; name = AudioToolbox.framework; path = System/Library/Frameworks/AudioToolbox.framework; sourceTree = SDKROOT; };
		EB8C35482A5C31C000954FD9 /* CoreMedia.framework */ = {isa = PBXFileReference; lastKnownFileType = wrapper.framework; name = CoreMedia.framework; path = System/Library/Frameworks/CoreMedia.framework; sourceTree = SDKROOT; };
		EB8C354A2A5C31E900954FD9 /* VideoToolbox.framework */ = {isa = PBXFileReference; lastKnownFileType = wrapper.framework; name = VideoToolbox.framework; path = System/Library/Frameworks/VideoToolbox.framework; sourceTree = SDKROOT; };
		EB8C354C2A5CD4EC00954FD9 /* libfftw3f.a */ = {isa = PBXFileReference; lastKnownFileType = archive.ar; name = libfftw3f.a; path = ../../../../opt/homebrew/lib/libfftw3f.a; sourceTree = "<group>"; };
		EB8C354E2A5CD5B400954FD9 /* libessentia.a */ = {isa = PBXFileReference; lastKnownFileType = archive.ar; name = libessentia.a; path = ../../../../usr/local/lib/libessentia.a; sourceTree = "<group>"; };
/* End PBXFileReference section */

/* Begin PBXFrameworksBuildPhase section */
		EB8C352C2A5A2FA500954FD9 /* Frameworks */ = {
			isa = PBXFrameworksBuildPhase;
			buildActionMask = 2147483647;
			files = (
				EB8C35492A5C31C100954FD9 /* CoreMedia.framework in Frameworks */,
				EB8C354D2A5CD4FD00954FD9 /* libfftw3f.a in Frameworks */,
				EB8C35472A5C316100954FD9 /* AudioToolbox.framework in Frameworks */,
				EB8C354F2A5CD5BE00954FD9 /* libessentia.a in Frameworks */,
				EB8C354B2A5C31EA00954FD9 /* VideoToolbox.framework in Frameworks */,
			);
			runOnlyForDeploymentPostprocessing = 0;
		};
/* End PBXFrameworksBuildPhase section */

/* Begin PBXGroup section */
		EB8C35262A5A2FA500954FD9 = {
			isa = PBXGroup;
			children = (
				EB8C35312A5A2FA500954FD9 /* TryEssentia */,
				EB8C35302A5A2FA500954FD9 /* Products */,
				EB8C35452A5C316000954FD9 /* Frameworks */,
			);
			sourceTree = "<group>";
		};
		EB8C35302A5A2FA500954FD9 /* Products */ = {
			isa = PBXGroup;
			children = (
				EB8C352F2A5A2FA500954FD9 /* TryEssentia.app */,
			);
			name = Products;
			sourceTree = "<group>";
		};
		EB8C35312A5A2FA500954FD9 /* TryEssentia */ = {
			isa = PBXGroup;
			children = (
				EB8C35322A5A2FA500954FD9 /* AppDelegate.h */,
				EB8C35332A5A2FA500954FD9 /* AppDelegate.m */,
				EB8C35352A5A2FA600954FD9 /* Assets.xcassets */,
				EB8C35372A5A2FA600954FD9 /* MainMenu.xib */,
				EB8C353A2A5A2FA600954FD9 /* main.m */,
				EB8C353C2A5A2FA600954FD9 /* TryEssentia.entitlements */,
				EB8C35422A5A2FE800954FD9 /* AppController.h */,
				EB8C35432A5A2FE800954FD9 /* AppController.mm */,
			);
			path = TryEssentia;
			sourceTree = "<group>";
		};
		EB8C35452A5C316000954FD9 /* Frameworks */ = {
			isa = PBXGroup;
			children = (
				EB8C354E2A5CD5B400954FD9 /* libessentia.a */,
				EB8C354C2A5CD4EC00954FD9 /* libfftw3f.a */,
				EB8C354A2A5C31E900954FD9 /* VideoToolbox.framework */,
				EB8C35482A5C31C000954FD9 /* CoreMedia.framework */,
				EB8C35462A5C316000954FD9 /* AudioToolbox.framework */,
			);
			name = Frameworks;
			sourceTree = "<group>";
		};
/* End PBXGroup section */

/* Begin PBXNativeTarget section */
		EB8C352E2A5A2FA500954FD9 /* TryEssentia */ = {
			isa = PBXNativeTarget;
			buildConfigurationList = EB8C353F2A5A2FA600954FD9 /* Build configuration list for PBXNativeTarget "TryEssentia" */;
			buildPhases = (
				EB8C352B2A5A2FA500954FD9 /* Sources */,
				EB8C352C2A5A2FA500954FD9 /* Frameworks */,
				EB8C352D2A5A2FA500954FD9 /* Resources */,
			);
			buildRules = (
			);
			dependencies = (
			);
			name = TryEssentia;
			productName = TryEssentia;
			productReference = EB8C352F2A5A2FA500954FD9 /* TryEssentia.app */;
			productType = "com.apple.product-type.application";
		};
/* End PBXNativeTarget section */

/* Begin PBXProject section */
		EB8C35272A5A2FA500954FD9 /* Project object */ = {
			isa = PBXProject;
			attributes = {
				BuildIndependentTargetsInParallel = 1;
				LastUpgradeCheck = 1430;
				TargetAttributes = {
					EB8C352E2A5A2FA500954FD9 = {
						CreatedOnToolsVersion = 14.3.1;
					};
				};
			};
			buildConfigurationList = EB8C352A2A5A2FA500954FD9 /* Build configuration list for PBXProject "TryEssentia" */;
			compatibilityVersion = "Xcode 14.0";
			developmentRegion = en;
			hasScannedForEncodings = 0;
			knownRegions = (
				en,
				Base,
			);
			mainGroup = EB8C35262A5A2FA500954FD9;
			productRefGroup = EB8C35302A5A2FA500954FD9 /* Products */;
			projectDirPath = "";
			projectRoot = "";
			targets = (
				EB8C352E2A5A2FA500954FD9 /* TryEssentia */,
			);
		};
/* End PBXProject section */

/* Begin PBXResourcesBuildPhase section */
		EB8C352D2A5A2FA500954FD9 /* Resources */ = {
			isa = PBXResourcesBuildPhase;
			buildActionMask = 2147483647;
			files = (
				EB8C35362A5A2FA600954FD9 /* Assets.xcassets in Resources */,
				EB8C35392A5A2FA600954FD9 /* MainMenu.xib in Resources */,
			);
			runOnlyForDeploymentPostprocessing = 0;
		};
/* End PBXResourcesBuildPhase section */

/* Begin PBXSourcesBuildPhase section */
		EB8C352B2A5A2FA500954FD9 /* Sources */ = {
			isa = PBXSourcesBuildPhase;
			buildActionMask = 2147483647;
			files = (
				EB8C353B2A5A2FA600954FD9 /* main.m in Sources */,
				EB8C35442A5A2FE800954FD9 /* AppController.mm in Sources */,
				EB8C35342A5A2FA500954FD9 /* AppDelegate.m in Sources */,
			);
			runOnlyForDeploymentPostprocessing = 0;
		};
/* End PBXSourcesBuildPhase section */

/* Begin PBXVariantGroup section */
		EB8C35372A5A2FA600954FD9 /* MainMenu.xib */ = {
			isa = PBXVariantGroup;
			children = (
				EB8C35382A5A2FA600954FD9 /* Base */,
			);
			name = MainMenu.xib;
			sourceTree = "<group>";
		};
/* End PBXVariantGroup section */

/* Begin XCBuildConfiguration section */
		EB8C353D2A5A2FA600954FD9 /* Debug */ = {
			isa = XCBuildConfiguration;
			buildSettings = {
				ALWAYS_SEARCH_USER_PATHS = NO;
				CLANG_ANALYZER_NONNULL = YES;
				CLANG_ANALYZER_NUMBER_OBJECT_CONVERSION = YES_AGGRESSIVE;
				CLANG_CXX_LANGUAGE_STANDARD = "gnu++20";
				CLANG_ENABLE_MODULES = YES;
				CLANG_ENABLE_OBJC_ARC = YES;
				CLANG_ENABLE_OBJC_WEAK = YES;
				CLANG_WARN_BLOCK_CAPTURE_AUTORELEASING = YES;
				CLANG_WARN_BOOL_CONVERSION = YES;
				CLANG_WARN_COMMA = YES;
				CLANG_WARN_CONSTANT_CONVERSION = YES;
				CLANG_WARN_DEPRECATED_OBJC_IMPLEMENTATIONS = YES;
				CLANG_WARN_DIRECT_OBJC_ISA_USAGE = YES_ERROR;
				CLANG_WARN_DOCUMENTATION_COMMENTS = YES;
				CLANG_WARN_EMPTY_BODY = YES;
				CLANG_WARN_ENUM_CONVERSION = YES;
				CLANG_WARN_INFINITE_RECURSION = YES;
				CLANG_WARN_INT_CONVERSION = YES;
				CLANG_WARN_NON_LITERAL_NULL_CONVERSION = YES;
				CLANG_WARN_OBJC_IMPLICIT_RETAIN_SELF = YES;
				CLANG_WARN_OBJC_LITERAL_CONVERSION = YES;
				CLANG_WARN_OBJC_ROOT_CLASS = YES_ERROR;
				CLANG_WARN_QUOTED_INCLUDE_IN_FRAMEWORK_HEADER = YES;
				CLANG_WARN_RANGE_LOOP_ANALYSIS = YES;
				CLANG_WARN_STRICT_PROTOTYPES = YES;
				CLANG_WARN_SUSPICIOUS_MOVE = YES;
				CLANG_WARN_UNGUARDED_AVAILABILITY = YES_AGGRESSIVE;
				CLANG_WARN_UNREACHABLE_CODE = YES;
				CLANG_WARN__DUPLICATE_METHOD_MATCH = YES;
				COPY_PHASE_STRIP = NO;
				DEBUG_INFORMATION_FORMAT = dwarf;
				ENABLE_STRICT_OBJC_MSGSEND = YES;
				ENABLE_TESTABILITY = YES;
				GCC_C_LANGUAGE_STANDARD = gnu11;
				GCC_DYNAMIC_NO_PIC = NO;
				GCC_NO_COMMON_BLOCKS = YES;
				GCC_OPTIMIZATION_LEVEL = 0;
				GCC_PREPROCESSOR_DEFINITIONS = (
					"DEBUG=1",
					"$(inherited)",
				);
				GCC_WARN_64_TO_32_BIT_CONVERSION = YES;
				GCC_WARN_ABOUT_RETURN_TYPE = YES_ERROR;
				GCC_WARN_UNDECLARED_SELECTOR = YES;
				GCC_WARN_UNINITIALIZED_AUTOS = YES_AGGRESSIVE;
				GCC_WARN_UNUSED_FUNCTION = YES;
				GCC_WARN_UNUSED_VARIABLE = YES;
				MACOSX_DEPLOYMENT_TARGET = 13.3;
				MTL_ENABLE_DEBUG_INFO = INCLUDE_SOURCE;
				MTL_FAST_MATH = YES;
				ONLY_ACTIVE_ARCH = YES;
				SDKROOT = macosx;
			};
			name = Debug;
		};
		EB8C353E2A5A2FA600954FD9 /* Release */ = {
			isa = XCBuildConfiguration;
			buildSettings = {
				ALWAYS_SEARCH_USER_PATHS = NO;
				CLANG_ANALYZER_NONNULL = YES;
				CLANG_ANALYZER_NUMBER_OBJECT_CONVERSION = YES_AGGRESSIVE;
				CLANG_CXX_LANGUAGE_STANDARD = "gnu++20";
				CLANG_ENABLE_MODULES = YES;
				CLANG_ENABLE_OBJC_ARC = YES;
				CLANG_ENABLE_OBJC_WEAK = YES;
				CLANG_WARN_BLOCK_CAPTURE_AUTORELEASING = YES;
				CLANG_WARN_BOOL_CONVERSION = YES;
				CLANG_WARN_COMMA = YES;
				CLANG_WARN_CONSTANT_CONVERSION = YES;
				CLANG_WARN_DEPRECATED_OBJC_IMPLEMENTATIONS = YES;
				CLANG_WARN_DIRECT_OBJC_ISA_USAGE = YES_ERROR;
				CLANG_WARN_DOCUMENTATION_COMMENTS = YES;
				CLANG_WARN_EMPTY_BODY = YES;
				CLANG_WARN_ENUM_CONVERSION = YES;
				CLANG_WARN_INFINITE_RECURSION = YES;
				CLANG_WARN_INT_CONVERSION = YES;
				CLANG_WARN_NON_LITERAL_NULL_CONVERSION = YES;
				CLANG_WARN_OBJC_IMPLICIT_RETAIN_SELF = YES;
				CLANG_WARN_OBJC_LITERAL_CONVERSION = YES;
				CLANG_WARN_OBJC_ROOT_CLASS = YES_ERROR;
				CLANG_WARN_QUOTED_INCLUDE_IN_FRAMEWORK_HEADER = YES;
				CLANG_WARN_RANGE_LOOP_ANALYSIS = YES;
				CLANG_WARN_STRICT_PROTOTYPES = YES;
				CLANG_WARN_SUSPICIOUS_MOVE = YES;
				CLANG_WARN_UNGUARDED_AVAILABILITY = YES_AGGRESSIVE;
				CLANG_WARN_UNREACHABLE_CODE = YES;
				CLANG_WARN__DUPLICATE_METHOD_MATCH = YES;
				COPY_PHASE_STRIP = NO;
				DEBUG_INFORMATION_FORMAT = "dwarf-with-dsym";
				ENABLE_NS_ASSERTIONS = NO;
				ENABLE_STRICT_OBJC_MSGSEND = YES;
				GCC_C_LANGUAGE_STANDARD = gnu11;
				GCC_NO_COMMON_BLOCKS = YES;
				GCC_WARN_64_TO_32_BIT_CONVERSION = YES;
				GCC_WARN_ABOUT_RETURN_TYPE = YES_ERROR;
				GCC_WARN_UNDECLARED_SELECTOR = YES;
				GCC_WARN_UNINITIALIZED_AUTOS = YES_AGGRESSIVE;
				GCC_WARN_UNUSED_FUNCTION = YES;
				GCC_WARN_UNUSED_VARIABLE = YES;
				MACOSX_DEPLOYMENT_TARGET = 13.3;
				MTL_ENABLE_DEBUG_INFO = NO;
				MTL_FAST_MATH = YES;
				SDKROOT = macosx;
			};
			name = Release;
		};
		EB8C35402A5A2FA600954FD9 /* Debug */ = {
			isa = XCBuildConfiguration;
			buildSettings = {
				ASSETCATALOG_COMPILER_APPICON_NAME = AppIcon;
				ASSETCATALOG_COMPILER_GLOBAL_ACCENT_COLOR_NAME = AccentColor;
				CODE_SIGN_ENTITLEMENTS = TryEssentia/TryEssentia.entitlements;
				CODE_SIGN_STYLE = Automatic;
				COMBINE_HIDPI_IMAGES = YES;
				CURRENT_PROJECT_VERSION = 1;
				DEVELOPMENT_TEAM = A386R5WFZ6;
				ENABLE_HARDENED_RUNTIME = YES;
				GENERATE_INFOPLIST_FILE = YES;
				HEADER_SEARCH_PATHS = (
					/usr/local/include,
					/opt/homebrew/opt/eigen/include/eigen3,
				);
				INFOPLIST_KEY_LSApplicationCategoryType = "public.app-category.music";
				INFOPLIST_KEY_NSHumanReadableCopyright = "";
				INFOPLIST_KEY_NSMainNibFile = MainMenu;
				INFOPLIST_KEY_NSPrincipalClass = NSApplication;
				LD_RUNPATH_SEARCH_PATHS = (
					"$(inherited)",
					"@executable_path/../Frameworks",
				);
				LIBRARY_SEARCH_PATHS = (
					/usr/local/lib,
					/opt/homebrew/Cellar/taglib/1.13.1/lib,
					/opt/homebrew/lib,
					/opt/homebrew/Cellar/bzip2/1.0.8/lib/,
				);
				MARKETING_VERSION = 1.0;
				OTHER_LDFLAGS = (
					"-lyaml",
					"-lswresample",
					"-ltag",
					"-lsamplerate",
					"-lavutil",
					"-lavformat",
					"-lavcodec",
					"-lfftw3f",
					"-lz",
					"-lbz2",
					"-lchromaprint",
					"-liconv",
				);
				PRODUCT_BUNDLE_IDENTIFIER = com.kyab.TryEssentia;
				PRODUCT_NAME = "$(TARGET_NAME)";
				SWIFT_EMIT_LOC_STRINGS = YES;
			};
			name = Debug;
		};
		EB8C35412A5A2FA600954FD9 /* Release */ = {
			isa = XCBuildConfiguration;
			buildSettings = {
				ASSETCATALOG_COMPILER_APPICON_NAME = AppIcon;
				ASSETCATALOG_COMPILER_GLOBAL_ACCENT_COLOR_NAME = AccentColor;
				CODE_SIGN_ENTITLEMENTS = TryEssentia/TryEssentia.entitlements;
				CODE_SIGN_STYLE = Automatic;
				COMBINE_HIDPI_IMAGES = YES;
				CURRENT_PROJECT_VERSION = 1;
				DEVELOPMENT_TEAM = A386R5WFZ6;
				ENABLE_HARDENED_RUNTIME = YES;
				GENERATE_INFOPLIST_FILE = YES;
				HEADER_SEARCH_PATHS = (
					/usr/local/include,
					/opt/homebrew/opt/eigen/include/eigen3,
				);
				INFOPLIST_KEY_LSApplicationCategoryType = "public.app-category.music";
				INFOPLIST_KEY_NSHumanReadableCopyright = "";
				INFOPLIST_KEY_NSMainNibFile = MainMenu;
				INFOPLIST_KEY_NSPrincipalClass = NSApplication;
				LD_RUNPATH_SEARCH_PATHS = (
					"$(inherited)",
					"@executable_path/../Frameworks",
				);
				LIBRARY_SEARCH_PATHS = (
					/usr/local/lib,
					/opt/homebrew/Cellar/taglib/1.13.1/lib,
					/opt/homebrew/lib,
					/opt/homebrew/Cellar/bzip2/1.0.8/lib/,
				);
				MARKETING_VERSION = 1.0;
				OTHER_LDFLAGS = (
					"-lyaml",
					"-lswresample",
					"-ltag",
					"-lsamplerate",
					"-lavutil",
					"-lavformat",
					"-lavcodec",
					"-lfftw3f",
					"-lz",
					"-lbz2",
					"-lchromaprint",
					"-liconv",
				);
				PRODUCT_BUNDLE_IDENTIFIER = com.kyab.TryEssentia;
				PRODUCT_NAME = "$(TARGET_NAME)";
				SWIFT_EMIT_LOC_STRINGS = YES;
			};
			name = Release;
		};
/* End XCBuildConfiguration section */

/* Begin XCConfigurationList section */
		EB8C352A2A5A2FA500954FD9 /* Build configuration list for PBXProject "TryEssentia" */ = {
			isa = XCConfigurationList;
			buildConfigurations = (
				EB8C353D2A5A2FA600954FD9 /* Debug */,
				EB8C353E2A5A2FA600954FD9 /* Release */,
			);
			defaultConfigurationIsVisible = 0;
			defaultConfigurationName = Release;
		};
		EB8C353F2A5A2FA600954FD9 /* Build configuration list for PBXNativeTarget "TryEssentia" */ = {
			isa = XCConfigurationList;
			buildConfigurations = (
				EB8C35402A5A2FA600954FD9 /* Debug */,
				EB8C35412A5A2FA600954FD9 /* Release */,
			);
			defaultConfigurationIsVisible = 0;
			defaultConfigurationName = Release;
		};
/* End XCConfigurationList section */
	};
	rootObject = EB8C35272A5A2FA500954FD9 /* Project object */;
}
